
Microsoft Visual Studio Solution File, Format Version 12.00
# Visual Studio Version 17
VisualStudioVersion = 17.14.36327.8 d17.14
MinimumVisualStudioVersion = 10.0.40219.1
Project("{FAE04EC0-301F-11D3-BF4B-00C04F79EFBC}") = "CoffeeProgramTest", "CoffeeProgramTest.csproj", "{A96C7B42-B1CD-4BCC-A197-1B525833C4C9}"
EndProject
Global
	GlobalSection(SolutionConfigurationPlatforms) = preSolution
		Debug|Any CPU = Debug|Any CPU
		Release|Any CPU = Release|Any CPU
	EndGlobalSection
	GlobalSection(ProjectConfigurationPlatforms) = postSolution
		{A96C7B42-B1CD-4BCC-A197-1B525833C4C9}.Debug|Any CPU.ActiveCfg = Debug|Any CPU
		{A96C7B42-B1CD-4BCC-A197-1B525833C4C9}.Debug|Any CPU.Build.0 = Debug|Any CPU
		{A96C7B42-B1CD-4BCC-A197-1B525833C4C9}.Release|Any CPU.ActiveCfg = Release|Any CPU
		{A96C7B42-B1CD-4BCC-A197-1B525833C4C9}.Release|Any CPU.Build.0 = Release|Any CPU
	EndGlobalSection
	GlobalSection(SolutionProperties) = preSolution
		HideSolutionNode = FALSE
	EndGlobalSection
	GlobalSection(ExtensibilityGlobals) = postSolution
		SolutionGuid = {F74A6418-D44B-41E7-8910-7D517AACF248}
	EndGlobalSection
EndGlobal
